
Microsoft Visual Studio Solution File, Format Version 12.00
# Visual Studio Version 17
VisualStudioVersion = 17.6.33829.357
MinimumVisualStudioVersion = 10.0.40219.1
Project("{FAE04EC0-301F-11D3-BF4B-00C04F79EFBC}") = "Exercises11", "Exercises11\Exercises11.csproj", "{782E70DB-B3BF-4C2D-9450-55214529267E}"
EndProject
Global
	GlobalSection(SolutionConfigurationPlatforms) = preSolution
		Debug|Any CPU = Debug|Any CPU
		Release|Any CPU = Release|Any CPU
	EndGlobalSection
	GlobalSection(ProjectConfigurationPlatforms) = postSolution
		{782E70DB-B3BF-4C2D-9450-55214529267E}.Debug|Any CPU.ActiveCfg = Debug|Any CPU
		{782E70DB-B3BF-4C2D-9450-55214529267E}.Debug|Any CPU.Build.0 = Debug|Any CPU
		{782E70DB-B3BF-4C2D-9450-55214529267E}.Release|Any CPU.ActiveCfg = Release|Any CPU
		{782E70DB-B3BF-4C2D-9450-55214529267E}.Release|Any CPU.Build.0 = Release|Any CPU
	EndGlobalSection
	GlobalSection(SolutionProperties) = preSolution
		HideSolutionNode = FALSE
	EndGlobalSection
	GlobalSection(ExtensibilityGlobals) = postSolution
		SolutionGuid = {C1157D87-6D09-4678-9FCB-31F33F2D3EA3}
	EndGlobalSection
EndGlobal
